
Microsoft Visual Studio Solution File, Format Version 12.00
# Visual Studio Version 17
VisualStudioVersion = 17.0.31903.59
MinimumVisualStudioVersion = 10.0.40219.1
Project("{2150E333-8FDC-42A3-9474-1A3956D46DE8}") = "src", "src", "{827E0CD3-B72D-47B6-A68D-7590B98EB39B}"
EndProject
Project("{FAE04EC0-301F-11D3-BF4B-00C04F79EFBC}") = "API", "src\API\API.csproj", "{A8EE9414-121D-441D-B527-9DDB2DD71146}"
EndProject
Project("{FAE04EC0-301F-11D3-BF4B-00C04F79EFBC}") = "Application", "src\Application\Application.csproj", "{9B293D3B-AAC6-4015-9D1A-A6F38949351E}"
EndProject
Project("{FAE04EC0-301F-11D3-BF4B-00C04F79EFBC}") = "Domain", "src\Domain\Domain.csproj", "{3C13C218-8583-4DD4-BEC9-D6117D89EFE2}"
EndProject
Project("{FAE04EC0-301F-11D3-BF4B-00C04F79EFBC}") = "Infrastructure", "src\Infrastructure\Infrastructure.csproj", "{1BC5200B-B99A-402A-9BA0-B311AFD802BF}"
EndProject
Project("{2150E333-8FDC-42A3-9474-1A3956D46DE8}") = "tests", "tests", "{0AB3BF05-4346-4AA6-1389-037BE0695223}"
EndProject
Project("{FAE04EC0-301F-11D3-BF4B-00C04F79EFBC}") = "UnitTests", "tests\UnitTests\UnitTests.csproj", "{B0845461-36A7-4E61-AD32-2B29546B225D}"
EndProject
Global
	GlobalSection(SolutionConfigurationPlatforms) = preSolution
		Debug|Any CPU = Debug|Any CPU
		Debug|x64 = Debug|x64
		Debug|x86 = Debug|x86
		Release|Any CPU = Release|Any CPU
		Release|x64 = Release|x64
		Release|x86 = Release|x86
	EndGlobalSection
	GlobalSection(ProjectConfigurationPlatforms) = postSolution
		{A8EE9414-121D-441D-B527-9DDB2DD71146}.Debug|Any CPU.ActiveCfg = Debug|Any CPU
		{A8EE9414-121D-441D-B527-9DDB2DD71146}.Debug|Any CPU.Build.0 = Debug|Any CPU
		{A8EE9414-121D-441D-B527-9DDB2DD71146}.Debug|x64.ActiveCfg = Debug|Any CPU
		{A8EE9414-121D-441D-B527-9DDB2DD71146}.Debug|x64.Build.0 = Debug|Any CPU
		{A8EE9414-121D-441D-B527-9DDB2DD71146}.Debug|x86.ActiveCfg = Debug|Any CPU
		{A8EE9414-121D-441D-B527-9DDB2DD71146}.Debug|x86.Build.0 = Debug|Any CPU
		{A8EE9414-121D-441D-B527-9DDB2DD71146}.Release|Any CPU.ActiveCfg = Release|Any CPU
		{A8EE9414-121D-441D-B527-9DDB2DD71146}.Release|Any CPU.Build.0 = Release|Any CPU
		{A8EE9414-121D-441D-B527-9DDB2DD71146}.Release|x64.ActiveCfg = Release|Any CPU
		{A8EE9414-121D-441D-B527-9DDB2DD71146}.Release|x64.Build.0 = Release|Any CPU
		{A8EE9414-121D-441D-B527-9DDB2DD71146}.Release|x86.ActiveCfg = Release|Any CPU
		{A8EE9414-121D-441D-B527-9DDB2DD71146}.Release|x86.Build.0 = Release|Any CPU
		{9B293D3B-AAC6-4015-9D1A-A6F38949351E}.Debug|Any CPU.ActiveCfg = Debug|Any CPU
		{9B293D3B-AAC6-4015-9D1A-A6F38949351E}.Debug|Any CPU.Build.0 = Debug|Any CPU
		{9B293D3B-AAC6-4015-9D1A-A6F38949351E}.Debug|x64.ActiveCfg = Debug|Any CPU
		{9B293D3B-AAC6-4015-9D1A-A6F38949351E}.Debug|x64.Build.0 = Debug|Any CPU
		{9B293D3B-AAC6-4015-9D1A-A6F38949351E}.Debug|x86.ActiveCfg = Debug|Any CPU
		{9B293D3B-AAC6-4015-9D1A-A6F38949351E}.Debug|x86.Build.0 = Debug|Any CPU
		{9B293D3B-AAC6-4015-9D1A-A6F38949351E}.Release|Any CPU.ActiveCfg = Release|Any CPU
		{9B293D3B-AAC6-4015-9D1A-A6F38949351E}.Release|Any CPU.Build.0 = Release|Any CPU
		{9B293D3B-AAC6-4015-9D1A-A6F38949351E}.Release|x64.ActiveCfg = Release|Any CPU
		{9B293D3B-AAC6-4015-9D1A-A6F38949351E}.Release|x64.Build.0 = Release|Any CPU
		{9B293D3B-AAC6-4015-9D1A-A6F38949351E}.Release|x86.ActiveCfg = Release|Any CPU
		{9B293D3B-AAC6-4015-9D1A-A6F38949351E}.Release|x86.Build.0 = Release|Any CPU
		{3C13C218-8583-4DD4-BEC9-D6117D89EFE2}.Debug|Any CPU.ActiveCfg = Debug|Any CPU
		{3C13C218-8583-4DD4-BEC9-D6117D89EFE2}.Debug|Any CPU.Build.0 = Debug|Any CPU
		{3C13C218-8583-4DD4-BEC9-D6117D89EFE2}.Debug|x64.ActiveCfg = Debug|Any CPU
		{3C13C218-8583-4DD4-BEC9-D6117D89EFE2}.Debug|x64.Build.0 = Debug|Any CPU
		{3C13C218-8583-4DD4-BEC9-D6117D89EFE2}.Debug|x86.ActiveCfg = Debug|Any CPU
		{3C13C218-8583-4DD4-BEC9-D6117D89EFE2}.Debug|x86.Build.0 = Debug|Any CPU
		{3C13C218-8583-4DD4-BEC9-D6117D89EFE2}.Release|Any CPU.ActiveCfg = Release|Any CPU
		{3C13C218-8583-4DD4-BEC9-D6117D89EFE2}.Release|Any CPU.Build.0 = Release|Any CPU
		{3C13C218-8583-4DD4-BEC9-D6117D89EFE2}.Release|x64.ActiveCfg = Release|Any CPU
		{3C13C218-8583-4DD4-BEC9-D6117D89EFE2}.Release|x64.Build.0 = Release|Any CPU
		{3C13C218-8583-4DD4-BEC9-D6117D89EFE2}.Release|x86.ActiveCfg = Release|Any CPU
		{3C13C218-8583-4DD4-BEC9-D6117D89EFE2}.Release|x86.Build.0 = Release|Any CPU
		{1BC5200B-B99A-402A-9BA0-B311AFD802BF}.Debug|Any CPU.ActiveCfg = Debug|Any CPU
		{1BC5200B-B99A-402A-9BA0-B311AFD802BF}.Debug|Any CPU.Build.0 = Debug|Any CPU
		{1BC5200B-B99A-402A-9BA0-B311AFD802BF}.Debug|x64.ActiveCfg = Debug|Any CPU
		{1BC5200B-B99A-402A-9BA0-B311AFD802BF}.Debug|x64.Build.0 = Debug|Any CPU
		{1BC5200B-B99A-402A-9BA0-B311AFD802BF}.Debug|x86.ActiveCfg = Debug|Any CPU
		{1BC5200B-B99A-402A-9BA0-B311AFD802BF}.Debug|x86.Build.0 = Debug|Any CPU
		{1BC5200B-B99A-402A-9BA0-B311AFD802BF}.Release|Any CPU.ActiveCfg = Release|Any CPU
		{1BC5200B-B99A-402A-9BA0-B311AFD802BF}.Release|Any CPU.Build.0 = Release|Any CPU
		{1BC5200B-B99A-402A-9BA0-B311AFD802BF}.Release|x64.ActiveCfg = Release|Any CPU
		{1BC5200B-B99A-402A-9BA0-B311AFD802BF}.Release|x64.Build.0 = Release|Any CPU
		{1BC5200B-B99A-402A-9BA0-B311AFD802BF}.Release|x86.ActiveCfg = Release|Any CPU
		{1BC5200B-B99A-402A-9BA0-B311AFD802BF}.Release|x86.Build.0 = Release|Any CPU
		{B0845461-36A7-4E61-AD32-2B29546B225D}.Debug|Any CPU.ActiveCfg = Debug|Any CPU
		{B0845461-36A7-4E61-AD32-2B29546B225D}.Debug|Any CPU.Build.0 = Debug|Any CPU
		{B0845461-36A7-4E61-AD32-2B29546B225D}.Debug|x64.ActiveCfg = Debug|Any CPU
		{B0845461-36A7-4E61-AD32-2B29546B225D}.Debug|x64.Build.0 = Debug|Any CPU
		{B0845461-36A7-4E61-AD32-2B29546B225D}.Debug|x86.ActiveCfg = Debug|Any CPU
		{B0845461-36A7-4E61-AD32-2B29546B225D}.Debug|x86.Build.0 = Debug|Any CPU
		{B0845461-36A7-4E61-AD32-2B29546B225D}.Release|Any CPU.ActiveCfg = Release|Any CPU
		{B0845461-36A7-4E61-AD32-2B29546B225D}.Release|Any CPU.Build.0 = Release|Any CPU
		{B0845461-36A7-4E61-AD32-2B29546B225D}.Release|x64.ActiveCfg = Release|Any CPU
		{B0845461-36A7-4E61-AD32-2B29546B225D}.Release|x64.Build.0 = Release|Any CPU
		{B0845461-36A7-4E61-AD32-2B29546B225D}.Release|x86.ActiveCfg = Release|Any CPU
		{B0845461-36A7-4E61-AD32-2B29546B225D}.Release|x86.Build.0 = Release|Any CPU
	EndGlobalSection
	GlobalSection(SolutionProperties) = preSolution
		HideSolutionNode = FALSE
	EndGlobalSection
	GlobalSection(NestedProjects) = preSolution
		{A8EE9414-121D-441D-B527-9DDB2DD71146} = {827E0CD3-B72D-47B6-A68D-7590B98EB39B}
		{9B293D3B-AAC6-4015-9D1A-A6F38949351E} = {827E0CD3-B72D-47B6-A68D-7590B98EB39B}
		{3C13C218-8583-4DD4-BEC9-D6117D89EFE2} = {827E0CD3-B72D-47B6-A68D-7590B98EB39B}
		{1BC5200B-B99A-402A-9BA0-B311AFD802BF} = {827E0CD3-B72D-47B6-A68D-7590B98EB39B}
		{B0845461-36A7-4E61-AD32-2B29546B225D} = {0AB3BF05-4346-4AA6-1389-037BE0695223}
	EndGlobalSection
EndGlobal
